
Microsoft Visual Studio Solution File, Format Version 12.00
# Visual Studio 2013
VisualStudioVersion = 12.0.21005.1
MinimumVisualStudioVersion = 10.0.40219.1
Project("{FAE04EC0-301F-11D3-BF4B-00C04F79EFBC}") = "Employee-Management", "Employee-Management\Employee-Management.csproj", "{C5E09D86-526A-4100-A14F-5E2021B6085E}"
EndProject
Global
	GlobalSection(SolutionConfigurationPlatforms) = preSolution
		Debug|Any CPU = Debug|Any CPU
		Release|Any CPU = Release|Any CPU
	EndGlobalSection
	GlobalSection(ProjectConfigurationPlatforms) = postSolution
		{C5E09D86-526A-4100-A14F-5E2021B6085E}.Debug|Any CPU.ActiveCfg = Debug|Any CPU
		{C5E09D86-526A-4100-A14F-5E2021B6085E}.Debug|Any CPU.Build.0 = Debug|Any CPU
		{C5E09D86-526A-4100-A14F-5E2021B6085E}.Release|Any CPU.ActiveCfg = Release|Any CPU
		{C5E09D86-526A-4100-A14F-5E2021B6085E}.Release|Any CPU.Build.0 = Release|Any CPU
	EndGlobalSection
	GlobalSection(SolutionProperties) = preSolution
		HideSolutionNode = FALSE
	EndGlobalSection
EndGlobal
